
Microsoft Visual Studio Solution File, Format Version 12.00
# Visual Studio Version 17
VisualStudioVersion = 17.8.34322.80
MinimumVisualStudioVersion = 10.0.40219.1
Project("{9A19103F-16F7-4668-BE54-9A1E7A4F7556}") = "FilmoSearchPortal.Application", "FilmoSearchPortal.Application\FilmoSearchPortal.Application.csproj", "{2FBD05D1-EBB1-4027-ABE8-99F41BB2F12B}"
EndProject
Project("{9A19103F-16F7-4668-BE54-9A1E7A4F7556}") = "FilmoSearchPortal.Domain", "FilmoSearchPortal.Domain\FilmoSearchPortal.Domain.csproj", "{002A4A6E-1658-45C4-AD1B-2C5E3313C876}"
EndProject
Project("{9A19103F-16F7-4668-BE54-9A1E7A4F7556}") = "FilmoSearchPortal.Infrastructure", "FilmoSearchPortal.Infrastructure\FilmoSearchPortal.Infrastructure.csproj", "{5DEDE738-4A55-4C91-947A-462866633FB6}"
EndProject
Project("{9A19103F-16F7-4668-BE54-9A1E7A4F7556}") = "FilmoSearchPortal.WebApi", "FilmoSearchPortal.WebApi\FilmoSearchPortal.WebApi.csproj", "{9750B7B7-0C04-416E-82E0-4F7F4EE37E08}"
EndProject
Project("{FAE04EC0-301F-11D3-BF4B-00C04F79EFBC}") = "FilmoSearchPortal.UnitTests", "FilmoSearchPortal.UnitTests\FilmoSearchPortal.UnitTests.csproj", "{E7219368-D6C0-43AC-A369-1C538BCC45B0}"
EndProject
Global
	GlobalSection(SolutionConfigurationPlatforms) = preSolution
		Debug|Any CPU = Debug|Any CPU
		Release|Any CPU = Release|Any CPU
	EndGlobalSection
	GlobalSection(ProjectConfigurationPlatforms) = postSolution
		{2FBD05D1-EBB1-4027-ABE8-99F41BB2F12B}.Debug|Any CPU.ActiveCfg = Debug|Any CPU
		{2FBD05D1-EBB1-4027-ABE8-99F41BB2F12B}.Debug|Any CPU.Build.0 = Debug|Any CPU
		{2FBD05D1-EBB1-4027-ABE8-99F41BB2F12B}.Release|Any CPU.ActiveCfg = Release|Any CPU
		{2FBD05D1-EBB1-4027-ABE8-99F41BB2F12B}.Release|Any CPU.Build.0 = Release|Any CPU
		{002A4A6E-1658-45C4-AD1B-2C5E3313C876}.Debug|Any CPU.ActiveCfg = Debug|Any CPU
		{002A4A6E-1658-45C4-AD1B-2C5E3313C876}.Debug|Any CPU.Build.0 = Debug|Any CPU
		{002A4A6E-1658-45C4-AD1B-2C5E3313C876}.Release|Any CPU.ActiveCfg = Release|Any CPU
		{002A4A6E-1658-45C4-AD1B-2C5E3313C876}.Release|Any CPU.Build.0 = Release|Any CPU
		{5DEDE738-4A55-4C91-947A-462866633FB6}.Debug|Any CPU.ActiveCfg = Debug|Any CPU
		{5DEDE738-4A55-4C91-947A-462866633FB6}.Debug|Any CPU.Build.0 = Debug|Any CPU
		{5DEDE738-4A55-4C91-947A-462866633FB6}.Release|Any CPU.ActiveCfg = Release|Any CPU
		{5DEDE738-4A55-4C91-947A-462866633FB6}.Release|Any CPU.Build.0 = Release|Any CPU
		{9750B7B7-0C04-416E-82E0-4F7F4EE37E08}.Debug|Any CPU.ActiveCfg = Debug|Any CPU
		{9750B7B7-0C04-416E-82E0-4F7F4EE37E08}.Debug|Any CPU.Build.0 = Debug|Any CPU
		{9750B7B7-0C04-416E-82E0-4F7F4EE37E08}.Release|Any CPU.ActiveCfg = Release|Any CPU
		{9750B7B7-0C04-416E-82E0-4F7F4EE37E08}.Release|Any CPU.Build.0 = Release|Any CPU
		{E7219368-D6C0-43AC-A369-1C538BCC45B0}.Debug|Any CPU.ActiveCfg = Debug|Any CPU
		{E7219368-D6C0-43AC-A369-1C538BCC45B0}.Debug|Any CPU.Build.0 = Debug|Any CPU
		{E7219368-D6C0-43AC-A369-1C538BCC45B0}.Release|Any CPU.ActiveCfg = Release|Any CPU
		{E7219368-D6C0-43AC-A369-1C538BCC45B0}.Release|Any CPU.Build.0 = Release|Any CPU
	EndGlobalSection
	GlobalSection(SolutionProperties) = preSolution
		HideSolutionNode = FALSE
	EndGlobalSection
	GlobalSection(ExtensibilityGlobals) = postSolution
		SolutionGuid = {B2C15C71-A859-4E82-AD5E-CA42708EB4EB}
	EndGlobalSection
EndGlobal
